// !$*UTF8*$!
{
	archiveVersion = 1;
	classes = {
	};
	objectVersion = 77;
	objects = {

/* Begin PBXContainerItemProxy section */
		4D9C5DC62FE307BB00381CB4 /* PBXContainerItemProxy */ = {
			isa = PBXContainerItemProxy;
			containerPortal = 4D9C5DAE2FE307BA00381CB4 /* Project object */;
			proxyType = 1;
			remoteGlobalIDString = 4D9C5DB52FE307BA00381CB4;
			remoteInfo = JobCompass;
		};
		4D9C5DD02FE307BB00381CB4 /* PBXContainerItemProxy */ = {
			isa = PBXContainerItemProxy;
			containerPortal = 4D9C5DAE2FE307BA00381CB4 /* Project object */;
			proxyType = 1;
			remoteGlobalIDString = 4D9C5DB52FE307BA00381CB4;
			remoteInfo = JobCompass;
		};
/* End PBXContainerItemProxy section */

/* Begin PBXFileReference section */
		4D9C5DB62FE307BA00381CB4 /* JobCompass.app */ = {isa = PBXFileReference; explicitFileType = wrapper.application; includeInIndex = 0; path = JobCompass.app; sourceTree = BUILT_PRODUCTS_DIR; };
		4D9C5DC52FE307BB00381CB4 /* JobCompassTests.xctest */ = {isa = PBXFileReference; explicitFileType = wrapper.cfbundle; includeInIndex = 0; path = JobCompassTests.xctest; sourceTree = BUILT_PRODUCTS_DIR; };
		4D9C5DCF2FE307BB00381CB4 /* JobCompassUITests.xctest */ = {isa = PBXFileReference; explicitFileType = wrapper.cfbundle; includeInIndex = 0; path = JobCompassUITests.xctest; sourceTree = BUILT_PRODUCTS_DIR; };
/* End PBXFileReference section */

/* Begin PBXFileSystemSynchronizedRootGroup section */
		4D9C5DB82FE307BA00381CB4 /* JobCompass */ = {
			isa = PBXFileSystemSynchronizedRootGroup;
			path = JobCompass;
			sourceTree = "<group>";
		};
		4D9C5DC82FE307BB00381CB4 /* JobCompassTests */ = {
			isa = PBXFileSystemSynchronizedRootGroup;
			path = JobCompassTests;
			sourceTree = "<group>";
		};
		4D9C5DD22FE307BB00381CB4 /* JobCompassUITests */ = {
			isa = PBXFileSystemSynchronizedRootGroup;
			path = JobCompassUITests;
			sourceTree = "<group>";
		};
/* End PBXFileSystemSynchronizedRootGroup section */

/* Begin PBXFrameworksBuildPhase section */
		4D9C5DB32FE307BA00381CB4 /* Frameworks */ = {
			isa = PBXFrameworksBuildPhase;
			buildActionMask = 2147483647;
			files = (
			);
			runOnlyForDeploymentPostprocessing = 0;
		};
		4D9C5DC22FE307BB00381CB4 /* Frameworks */ = {
			isa = PBXFrameworksBuildPhase;
			buildActionMask = 2147483647;
			files = (
			);
			runOnlyForDeploymentPostprocessing = 0;
		};
		4D9C5DCC2FE307BB00381CB4 /* Frameworks */ = {
			isa = PBXFrameworksBuildPhase;
			buildActionMask = 2147483647;
			files = (
			);
			runOnlyForDeploymentPostprocessing = 0;
		};
/* End PBXFrameworksBuildPhase section */

/* Begin PBXGroup section */
		4D9C5DAD2FE307BA00381CB4 = {
			isa = PBXGroup;
			children = (
				4D9C5DB82FE307BA00381CB4 /* JobCompass */,
				4D9C5DC82FE307BB00381CB4 /* JobCompassTests */,
				4D9C5DD22FE307BB00381CB4 /* JobCompassUITests */,
				4D9C5DB72FE307BA00381CB4 /* Products */,
			);
			sourceTree = "<group>";
		};
		4D9C5DB72FE307BA00381CB4 /* Products */ = {
			isa = PBXGroup;
			children = (
				4D9C5DB62FE307BA00381CB4 /* JobCompass.app */,
				4D9C5DC52FE307BB00381CB4 /* JobCompassTests.xctest */,
				4D9C5DCF2FE307BB00381CB4 /* JobCompassUITests.xctest */,
			);
			name = Products;
			sourceTree = "<group>";
		};
/* End PBXGroup section */

/* Begin PBXNativeTarget section */
		4D9C5DB52FE307BA00381CB4 /* JobCompass */ = {
			isa = PBXNativeTarget;
			buildConfigurationList = 4D9C5DD92FE307BB00381CB4 /* Build configuration list for PBXNativeTarget "JobCompass" */;
			buildPhases = (
				4D9C5DB22FE307BA00381CB4 /* Sources */,
				4D9C5DB32FE307BA00381CB4 /* Frameworks */,
				4D9C5DB42FE307BA00381CB4 /* Resources */,
			);
			buildRules = (
			);
			dependencies = (
			);
			fileSystemSynchronizedGroups = (
				4D9C5DB82FE307BA00381CB4 /* JobCompass */,
			);
			name = JobCompass;
			packageProductDependencies = (
			);
			productName = JobCompass;
			productReference = 4D9C5DB62FE307BA00381CB4 /* JobCompass.app */;
			productType = "com.apple.product-type.application";
		};
		4D9C5DC42FE307BB00381CB4 /* JobCompassTests */ = {
			isa = PBXNativeTarget;
			buildConfigurationList = 4D9C5DDC2FE307BB00381CB4 /* Build configuration list for PBXNativeTarget "JobCompassTests" */;
			buildPhases = (
				4D9C5DC12FE307BB00381CB4 /* Sources */,
				4D9C5DC22FE307BB00381CB4 /* Frameworks */,
				4D9C5DC32FE307BB00381CB4 /* Resources */,
			);
			buildRules = (
			);
			dependencies = (
				4D9C5DC72FE307BB00381CB4 /* PBXTargetDependency */,
			);
			fileSystemSynchronizedGroups = (
				4D9C5DC82FE307BB00381CB4 /* JobCompassTests */,
			);
			name = JobCompassTests;
			packageProductDependencies = (
			);
			productName = JobCompassTests;
			productReference = 4D9C5DC52FE307BB00381CB4 /* JobCompassTests.xctest */;
			productType = "com.apple.product-type.bundle.unit-test";
		};
		4D9C5DCE2FE307BB00381CB4 /* JobCompassUITests */ = {
			isa = PBXNativeTarget;
			buildConfigurationList = 4D9C5DDF2FE307BB00381CB4 /* Build configuration list for PBXNativeTarget "JobCompassUITests" */;
			buildPhases = (
				4D9C5DCB2FE307BB00381CB4 /* Sources */,
				4D9C5DCC2FE307BB00381CB4 /* Frameworks */,
				4D9C5DCD2FE307BB00381CB4 /* Resources */,
			);
			buildRules = (
			);
			dependencies = (
				4D9C5DD12FE307BB00381CB4 /* PBXTargetDependency */,
			);
			fileSystemSynchronizedGroups = (
				4D9C5DD22FE307BB00381CB4 /* JobCompassUITests */,
			);
			name = JobCompassUITests;
			packageProductDependencies = (
			);
			productName = JobCompassUITests;
			productReference = 4D9C5DCF2FE307BB00381CB4 /* JobCompassUITests.xctest */;
			productType = "com.apple.product-type.bundle.ui-testing";
		};
/* End PBXNativeTarget section */

/* Begin PBXProject section */
		4D9C5DAE2FE307BA00381CB4 /* Project object */ = {
			isa = PBXProject;
			attributes = {
				BuildIndependentTargetsInParallel = 1;
				LastSwiftUpdateCheck = 2620;
				LastUpgradeCheck = 2620;
				TargetAttributes = {
					4D9C5DB52FE307BA00381CB4 = {
						CreatedOnToolsVersion = 26.2;
					};
					4D9C5DC42FE307BB00381CB4 = {
						CreatedOnToolsVersion = 26.2;
						TestTargetID = 4D9C5DB52FE307BA00381CB4;
					};
					4D9C5DCE2FE307BB00381CB4 = {
						CreatedOnToolsVersion = 26.2;
						TestTargetID = 4D9C5DB52FE307BA00381CB4;
					};
				};
			};
			buildConfigurationList = 4D9C5DB12FE307BA00381CB4 /* Build configuration list for PBXProject "JobCompass" */;
			developmentRegion = en;
			hasScannedForEncodings = 0;
			knownRegions = (
				en,
				Base,
			);
			mainGroup = 4D9C5DAD2FE307BA00381CB4;
			minimizedProjectReferenceProxies = 1;
			preferredProjectObjectVersion = 77;
			productRefGroup = 4D9C5DB72FE307BA00381CB4 /* Products */;
			projectDirPath = "";
			projectRoot = "";
			targets = (
				4D9C5DB52FE307BA00381CB4 /* JobCompass */,
				4D9C5DC42FE307BB00381CB4 /* JobCompassTests */,
				4D9C5DCE2FE307BB00381CB4 /* JobCompassUITests */,
			);
		};
/* End PBXProject section */

/* Begin PBXResourcesBuildPhase section */
		4D9C5DB42FE307BA00381CB4 /* Resources */ = {
			isa = PBXResourcesBuildPhase;
			buildActionMask = 2147483647;
			files = (
			);
			runOnlyForDeploymentPostprocessing = 0;
		};
		4D9C5DC32FE307BB00381CB4 /* Resources */ = {
			isa = PBXResourcesBuildPhase;
			buildActionMask = 2147483647;
			files = (
			);
			runOnlyForDeploymentPostprocessing = 0;
		};
		4D9C5DCD2FE307BB00381CB4 /* Resources */ = {
			isa = PBXResourcesBuildPhase;
			buildActionMask = 2147483647;
			files = (
			);
			runOnlyForDeploymentPostprocessing = 0;
		};
/* End PBXResourcesBuildPhase section */

/* Begin PBXSourcesBuildPhase section */
		4D9C5DB22FE307BA00381CB4 /* Sources */ = {
			isa = PBXSourcesBuildPhase;
			buildActionMask = 2147483647;
			files = (
			);
			runOnlyForDeploymentPostprocessing = 0;
		};
		4D9C5DC12FE307BB00381CB4 /* Sources */ = {
			isa = PBXSourcesBuildPhase;
			buildActionMask = 2147483647;
			files = (
			);
			runOnlyForDeploymentPostprocessing = 0;
		};
		4D9C5DCB2FE307BB00381CB4 /* Sources */ = {
			isa = PBXSourcesBuildPhase;
			buildActionMask = 2147483647;
			files = (
			);
			runOnlyForDeploymentPostprocessing = 0;
		};
/* End PBXSourcesBuildPhase section */

/* Begin PBXTargetDependency section */
		4D9C5DC72FE307BB00381CB4 /* PBXTargetDependency */ = {
			isa = PBXTargetDependency;
			target = 4D9C5DB52FE307BA00381CB4 /* JobCompass */;
			targetProxy = 4D9C5DC62FE307BB00381CB4 /* PBXContainerItemProxy */;
		};
		4D9C5DD12FE307BB00381CB4 /* PBXTargetDependency */ = {
			isa = PBXTargetDependency;
			target = 4D9C5DB52FE307BA00381CB4 /* JobCompass */;
			targetProxy = 4D9C5DD02FE307BB00381CB4 /* PBXContainerItemProxy */;
		};
/* End PBXTargetDependency section */

/* Begin XCBuildConfiguration section */
		4D9C5DD72FE307BB00381CB4 /* Debug */ = {
			isa = XCBuildConfiguration;
			buildSettings = {
				ALWAYS_SEARCH_USER_PATHS = NO;
				ASSETCATALOG_COMPILER_GENERATE_SWIFT_ASSET_SYMBOL_EXTENSIONS = YES;
				CLANG_ANALYZER_NONNULL = YES;
				CLANG_ANALYZER_NUMBER_OBJECT_CONVERSION = YES_AGGRESSIVE;
				CLANG_CXX_LANGUAGE_STANDARD = "gnu++20";
				CLANG_ENABLE_MODULES = YES;
				CLANG_ENABLE_OBJC_ARC = YES;
				CLANG_ENABLE_OBJC_WEAK = YES;
				CLANG_WARN_BLOCK_CAPTURE_AUTORELEASING = YES;
				CLANG_WARN_BOOL_CONVERSION = YES;
				CLANG_WARN_COMMA = YES;
				CLANG_WARN_CONSTANT_CONVERSION = YES;
				CLANG_WARN_DEPRECATED_OBJC_IMPLEMENTATIONS = YES;
				CLANG_WARN_DIRECT_OBJC_ISA_USAGE = YES_ERROR;
				CLANG_WARN_DOCUMENTATION_COMMENTS = YES;
				CLANG_WARN_EMPTY_BODY = YES;
				CLANG_WARN_ENUM_CONVERSION = YES;
				CLANG_WARN_INFINITE_RECURSION = YES;
				CLANG_WARN_INT_CONVERSION = YES;
				CLANG_WARN_NON_LITERAL_NULL_CONVERSION = YES;
				CLANG_WARN_OBJC_IMPLICIT_RETAIN_SELF = YES;
				CLANG_WARN_OBJC_LITERAL_CONVERSION = YES;
				CLANG_WARN_OBJC_ROOT_CLASS = YES_ERROR;
				CLANG_WARN_QUOTED_INCLUDE_IN_FRAMEWORK_HEADER = YES;
				CLANG_WARN_RANGE_LOOP_ANALYSIS = YES;
				CLANG_WARN_STRICT_PROTOTYPES = YES;
				CLANG_WARN_SUSPICIOUS_MOVE = YES;
				CLANG_WARN_UNGUARDED_AVAILABILITY = YES_AGGRESSIVE;
				CLANG_WARN_UNREACHABLE_CODE = YES;
				CLANG_WARN__DUPLICATE_METHOD_MATCH = YES;
				COPY_PHASE_STRIP = NO;
				DEBUG_INFORMATION_FORMAT = dwarf;
				DEVELOPMENT_TEAM = UR346N9852;
				ENABLE_STRICT_OBJC_MSGSEND = YES;
				ENABLE_TESTABILITY = YES;
				ENABLE_USER_SCRIPT_SANDBOXING = YES;
				GCC_C_LANGUAGE_STANDARD = gnu17;
				GCC_DYNAMIC_NO_PIC = NO;
				GCC_NO_COMMON_BLOCKS = YES;
				GCC_OPTIMIZATION_LEVEL = 0;
				GCC_PREPROCESSOR_DEFINITIONS = (
					"DEBUG=1",
					"$(inherited)",
				);
				GCC_WARN_64_TO_32_BIT_CONVERSION = YES;
				GCC_WARN_ABOUT_RETURN_TYPE = YES_ERROR;
				GCC_WARN_UNDECLARED_SELECTOR = YES;
				GCC_WARN_UNINITIALIZED_AUTOS = YES_AGGRESSIVE;
				GCC_WARN_UNUSED_FUNCTION = YES;
				GCC_WARN_UNUSED_VARIABLE = YES;
				LOCALIZATION_PREFERS_STRING_CATALOGS = YES;
				MACOSX_DEPLOYMENT_TARGET = 26.2;
				MTL_ENABLE_DEBUG_INFO = INCLUDE_SOURCE;
				MTL_FAST_MATH = YES;
				ONLY_ACTIVE_ARCH = YES;
				SDKROOT = macosx;
				SWIFT_ACTIVE_COMPILATION_CONDITIONS = "DEBUG $(inherited)";
				SWIFT_OPTIMIZATION_LEVEL = "-Onone";
			};
			name = Debug;
		};
		4D9C5DD82FE307BB00381CB4 /* Release */ = {
			isa = XCBuildConfiguration;
			buildSettings = {
				ALWAYS_SEARCH_USER_PATHS = NO;
				ASSETCATALOG_COMPILER_GENERATE_SWIFT_ASSET_SYMBOL_EXTENSIONS = YES;
				CLANG_ANALYZER_NONNULL = YES;
				CLANG_ANALYZER_NUMBER_OBJECT_CONVERSION = YES_AGGRESSIVE;
				CLANG_CXX_LANGUAGE_STANDARD = "gnu++20";
				CLANG_ENABLE_MODULES = YES;
				CLANG_ENABLE_OBJC_ARC = YES;
				CLANG_ENABLE_OBJC_WEAK = YES;
				CLANG_WARN_BLOCK_CAPTURE_AUTORELEASING = YES;
				CLANG_WARN_BOOL_CONVERSION = YES;
				CLANG_WARN_COMMA = YES;
				CLANG_WARN_CONSTANT_CONVERSION = YES;
				CLANG_WARN_DEPRECATED_OBJC_IMPLEMENTATIONS = YES;
				CLANG_WARN_DIRECT_OBJC_ISA_USAGE = YES_ERROR;
				CLANG_WARN_DOCUMENTATION_COMMENTS = YES;
				CLANG_WARN_EMPTY_BODY = YES;
				CLANG_WARN_ENUM_CONVERSION = YES;
				CLANG_WARN_INFINITE_RECURSION = YES;
				CLANG_WARN_INT_CONVERSION = YES;
				CLANG_WARN_NON_LITERAL_NULL_CONVERSION = YES;
				CLANG_WARN_OBJC_IMPLICIT_RETAIN_SELF = YES;
				CLANG_WARN_OBJC_LITERAL_CONVERSION = YES;
				CLANG_WARN_OBJC_ROOT_CLASS = YES_ERROR;
				CLANG_WARN_QUOTED_INCLUDE_IN_FRAMEWORK_HEADER = YES;
				CLANG_WARN_RANGE_LOOP_ANALYSIS = YES;
				CLANG_WARN_STRICT_PROTOTYPES = YES;
				CLANG_WARN_SUSPICIOUS_MOVE = YES;
				CLANG_WARN_UNGUARDED_AVAILABILITY = YES_AGGRESSIVE;
				CLANG_WARN_UNREACHABLE_CODE = YES;
				CLANG_WARN__DUPLICATE_METHOD_MATCH = YES;
				COPY_PHASE_STRIP = NO;
				DEBUG_INFORMATION_FORMAT = "dwarf-with-dsym";
				DEVELOPMENT_TEAM = UR346N9852;
				ENABLE_NS_ASSERTIONS = NO;
				ENABLE_STRICT_OBJC_MSGSEND = YES;
				ENABLE_USER_SCRIPT_SANDBOXING = YES;
				GCC_C_LANGUAGE_STANDARD = gnu17;
				GCC_NO_COMMON_BLOCKS = YES;
				GCC_WARN_64_TO_32_BIT_CONVERSION = YES;
				GCC_WARN_ABOUT_RETURN_TYPE = YES_ERROR;
				GCC_WARN_UNDECLARED_SELECTOR = YES;
				GCC_WARN_UNINITIALIZED_AUTOS = YES_AGGRESSIVE;
				GCC_WARN_UNUSED_FUNCTION = YES;
				GCC_WARN_UNUSED_VARIABLE = YES;
				LOCALIZATION_PREFERS_STRING_CATALOGS = YES;
				MACOSX_DEPLOYMENT_TARGET = 26.2;
				MTL_ENABLE_DEBUG_INFO = NO;
				MTL_FAST_MATH = YES;
				SDKROOT = macosx;
				SWIFT_COMPILATION_MODE = wholemodule;
			};
			name = Release;
		};
		4D9C5DDA2FE307BB00381CB4 /* Debug */ = {
			isa = XCBuildConfiguration;
			buildSettings = {
				ASSETCATALOG_COMPILER_APPICON_NAME = AppIcon;
				ASSETCATALOG_COMPILER_GLOBAL_ACCENT_COLOR_NAME = AccentColor;
				CODE_SIGN_STYLE = Automatic;
				COMBINE_HIDPI_IMAGES = YES;
				CURRENT_PROJECT_VERSION = 1;
				DEVELOPMENT_TEAM = UR346N9852;
				ENABLE_APP_SANDBOX = YES;
				ENABLE_HARDENED_RUNTIME = YES;
				ENABLE_PREVIEWS = YES;
				ENABLE_USER_SELECTED_FILES = readonly;
				GENERATE_INFOPLIST_FILE = YES;
				INFOPLIST_KEY_NSHumanReadableCopyright = "";
				LD_RUNPATH_SEARCH_PATHS = (
					"$(inherited)",
					"@executable_path/../Frameworks",
				);
				MARKETING_VERSION = 1.0;
				PRODUCT_BUNDLE_IDENTIFIER = com.orion.JobCompass;
				PRODUCT_NAME = "$(TARGET_NAME)";
				REGISTER_APP_GROUPS = YES;
				STRING_CATALOG_GENERATE_SYMBOLS = YES;
				SWIFT_APPROACHABLE_CONCURRENCY = YES;
				SWIFT_DEFAULT_ACTOR_ISOLATION = MainActor;
				SWIFT_EMIT_LOC_STRINGS = YES;
				SWIFT_UPCOMING_FEATURE_MEMBER_IMPORT_VISIBILITY = YES;
				SWIFT_VERSION = 5.0;
			};
			name = Debug;
		};
		4D9C5DDB2FE307BB00381CB4 /* Release */ = {
			isa = XCBuildConfiguration;
			buildSettings = {
				ASSETCATALOG_COMPILER_APPICON_NAME = AppIcon;
				ASSETCATALOG_COMPILER_GLOBAL_ACCENT_COLOR_NAME = AccentColor;
				CODE_SIGN_STYLE = Automatic;
				COMBINE_HIDPI_IMAGES = YES;
				CURRENT_PROJECT_VERSION = 1;
				DEVELOPMENT_TEAM = UR346N9852;
				ENABLE_APP_SANDBOX = YES;
				ENABLE_HARDENED_RUNTIME = YES;
				ENABLE_PREVIEWS = YES;
				ENABLE_USER_SELECTED_FILES = readonly;
				GENERATE_INFOPLIST_FILE = YES;
				INFOPLIST_KEY_NSHumanReadableCopyright = "";
				LD_RUNPATH_SEARCH_PATHS = (
					"$(inherited)",
					"@executable_path/../Frameworks",
				);
				MARKETING_VERSION = 1.0;
				PRODUCT_BUNDLE_IDENTIFIER = com.orion.JobCompass;
				PRODUCT_NAME = "$(TARGET_NAME)";
				REGISTER_APP_GROUPS = YES;
				STRING_CATALOG_GENERATE_SYMBOLS = YES;
				SWIFT_APPROACHABLE_CONCURRENCY = YES;
				SWIFT_DEFAULT_ACTOR_ISOLATION = MainActor;
				SWIFT_EMIT_LOC_STRINGS = YES;
				SWIFT_UPCOMING_FEATURE_MEMBER_IMPORT_VISIBILITY = YES;
				SWIFT_VERSION = 5.0;
			};
			name = Release;
		};
		4D9C5DDD2FE307BB00381CB4 /* Debug */ = {
			isa = XCBuildConfiguration;
			buildSettings = {
				BUNDLE_LOADER = "$(TEST_HOST)";
				CODE_SIGN_STYLE = Automatic;
				CURRENT_PROJECT_VERSION = 1;
				DEVELOPMENT_TEAM = UR346N9852;
				GENERATE_INFOPLIST_FILE = YES;
				MACOSX_DEPLOYMENT_TARGET = 26.2;
				MARKETING_VERSION = 1.0;
				PRODUCT_BUNDLE_IDENTIFIER = com.orion.JobCompassTests;
				PRODUCT_NAME = "$(TARGET_NAME)";
				STRING_CATALOG_GENERATE_SYMBOLS = NO;
				SWIFT_APPROACHABLE_CONCURRENCY = YES;
				SWIFT_EMIT_LOC_STRINGS = NO;
				SWIFT_UPCOMING_FEATURE_MEMBER_IMPORT_VISIBILITY = YES;
				SWIFT_VERSION = 5.0;
				TEST_HOST = "$(BUILT_PRODUCTS_DIR)/JobCompass.app/$(BUNDLE_EXECUTABLE_FOLDER_PATH)/JobCompass";
			};
			name = Debug;
		};
		4D9C5DDE2FE307BB00381CB4 /* Release */ = {
			isa = XCBuildConfiguration;
			buildSettings = {
				BUNDLE_LOADER = "$(TEST_HOST)";
				CODE_SIGN_STYLE = Automatic;
				CURRENT_PROJECT_VERSION = 1;
				DEVELOPMENT_TEAM = UR346N9852;
				GENERATE_INFOPLIST_FILE = YES;
				MACOSX_DEPLOYMENT_TARGET = 26.2;
				MARKETING_VERSION = 1.0;
				PRODUCT_BUNDLE_IDENTIFIER = com.orion.JobCompassTests;
				PRODUCT_NAME = "$(TARGET_NAME)";
				STRING_CATALOG_GENERATE_SYMBOLS = NO;
				SWIFT_APPROACHABLE_CONCURRENCY = YES;
				SWIFT_EMIT_LOC_STRINGS = NO;
				SWIFT_UPCOMING_FEATURE_MEMBER_IMPORT_VISIBILITY = YES;
				SWIFT_VERSION = 5.0;
				TEST_HOST = "$(BUILT_PRODUCTS_DIR)/JobCompass.app/$(BUNDLE_EXECUTABLE_FOLDER_PATH)/JobCompass";
			};
			name = Release;
		};
		4D9C5DE02FE307BB00381CB4 /* Debug */ = {
			isa = XCBuildConfiguration;
			buildSettings = {
				CODE_SIGN_STYLE = Automatic;
				CURRENT_PROJECT_VERSION = 1;
				DEVELOPMENT_TEAM = UR346N9852;
				GENERATE_INFOPLIST_FILE = YES;
				MARKETING_VERSION = 1.0;
				PRODUCT_BUNDLE_IDENTIFIER = com.orion.JobCompassUITests;
				PRODUCT_NAME = "$(TARGET_NAME)";
				STRING_CATALOG_GENERATE_SYMBOLS = NO;
				SWIFT_APPROACHABLE_CONCURRENCY = YES;
				SWIFT_EMIT_LOC_STRINGS = NO;
				SWIFT_UPCOMING_FEATURE_MEMBER_IMPORT_VISIBILITY = YES;
				SWIFT_VERSION = 5.0;
				TEST_TARGET_NAME = JobCompass;
			};
			name = Debug;
		};
		4D9C5DE12FE307BB00381CB4 /* Release */ = {
			isa = XCBuildConfiguration;
			buildSettings = {
				CODE_SIGN_STYLE = Automatic;
				CURRENT_PROJECT_VERSION = 1;
				DEVELOPMENT_TEAM = UR346N9852;
				GENERATE_INFOPLIST_FILE = YES;
				MARKETING_VERSION = 1.0;
				PRODUCT_BUNDLE_IDENTIFIER = com.orion.JobCompassUITests;
				PRODUCT_NAME = "$(TARGET_NAME)";
				STRING_CATALOG_GENERATE_SYMBOLS = NO;
				SWIFT_APPROACHABLE_CONCURRENCY = YES;
				SWIFT_EMIT_LOC_STRINGS = NO;
				SWIFT_UPCOMING_FEATURE_MEMBER_IMPORT_VISIBILITY = YES;
				SWIFT_VERSION = 5.0;
				TEST_TARGET_NAME = JobCompass;
			};
			name = Release;
		};
/* End XCBuildConfiguration section */

/* Begin XCConfigurationList section */
		4D9C5DB12FE307BA00381CB4 /* Build configuration list for PBXProject "JobCompass" */ = {
			isa = XCConfigurationList;
			buildConfigurations = (
				4D9C5DD72FE307BB00381CB4 /* Debug */,
				4D9C5DD82FE307BB00381CB4 /* Release */,
			);
			defaultConfigurationIsVisible = 0;
			defaultConfigurationName = Release;
		};
		4D9C5DD92FE307BB00381CB4 /* Build configuration list for PBXNativeTarget "JobCompass" */ = {
			isa = XCConfigurationList;
			buildConfigurations = (
				4D9C5DDA2FE307BB00381CB4 /* Debug */,
				4D9C5DDB2FE307BB00381CB4 /* Release */,
			);
			defaultConfigurationIsVisible = 0;
			defaultConfigurationName = Release;
		};
		4D9C5DDC2FE307BB00381CB4 /* Build configuration list for PBXNativeTarget "JobCompassTests" */ = {
			isa = XCConfigurationList;
			buildConfigurations = (
				4D9C5DDD2FE307BB00381CB4 /* Debug */,
				4D9C5DDE2FE307BB00381CB4 /* Release */,
			);
			defaultConfigurationIsVisible = 0;
			defaultConfigurationName = Release;
		};
		4D9C5DDF2FE307BB00381CB4 /* Build configuration list for PBXNativeTarget "JobCompassUITests" */ = {
			isa = XCConfigurationList;
			buildConfigurations = (
				4D9C5DE02FE307BB00381CB4 /* Debug */,
				4D9C5DE12FE307BB00381CB4 /* Release */,
			);
			defaultConfigurationIsVisible = 0;
			defaultConfigurationName = Release;
		};
/* End XCConfigurationList section */
	};
	rootObject = 4D9C5DAE2FE307BA00381CB4 /* Project object */;
}
